
Microsoft Visual Studio Solution File, Format Version 12.00
# Visual Studio Version 17
VisualStudioVersion = 17.11.35312.102
MinimumVisualStudioVersion = 10.0.40219.1
Project("{FAE04EC0-301F-11D3-BF4B-00C04F79EFBC}") = "BluetoothDevicesChecker", "BluetoothDevicesChecker.csproj", "{BDC69F26-F359-484F-AD3F-ECA7ABE329E6}"
EndProject
Global
	GlobalSection(SolutionConfigurationPlatforms) = preSolution
		Debug|Any CPU = Debug|Any CPU
		Release|Any CPU = Release|Any CPU
	EndGlobalSection
	GlobalSection(ProjectConfigurationPlatforms) = postSolution
		{BDC69F26-F359-484F-AD3F-ECA7ABE329E6}.Debug|Any CPU.ActiveCfg = Debug|Any CPU
		{BDC69F26-F359-484F-AD3F-ECA7ABE329E6}.Debug|Any CPU.Build.0 = Debug|Any CPU
		{BDC69F26-F359-484F-AD3F-ECA7ABE329E6}.Release|Any CPU.ActiveCfg = Release|Any CPU
		{BDC69F26-F359-484F-AD3F-ECA7ABE329E6}.Release|Any CPU.Build.0 = Release|Any CPU
	EndGlobalSection
	GlobalSection(SolutionProperties) = preSolution
		HideSolutionNode = FALSE
	EndGlobalSection
	GlobalSection(ExtensibilityGlobals) = postSolution
		SolutionGuid = {4478845C-A4A0-43B6-B45E-E06AAECB29FE}
	EndGlobalSection
EndGlobal
